
Microsoft Visual Studio Solution File, Format Version 12.00
# Visual Studio Version 17
VisualStudioVersion = 17.11.35222.181
MinimumVisualStudioVersion = 10.0.40219.1
Project("{FAE04EC0-301F-11D3-BF4B-00C04F79EFBC}") = "EncryptionProg", "EncryptionProg\EncryptionProg.csproj", "{212F99E4-0750-45F4-A54F-8B7DB4EF1785}"
EndProject
Project("{FAE04EC0-301F-11D3-BF4B-00C04F79EFBC}") = "FunctionalLibrary", "FunctionalLibrary\FunctionalLibrary.csproj", "{4CD2E49A-FF97-4BA7-B02A-220E309AF04E}"
EndProject
Project("{FAE04EC0-301F-11D3-BF4B-00C04F79EFBC}") = "TaskManager", "TaskManager\TaskManager.csproj", "{DA55B810-3157-42F5-AE8A-A130A01389ED}"
EndProject
Global
	GlobalSection(SolutionConfigurationPlatforms) = preSolution
		Debug|Any CPU = Debug|Any CPU
		Release|Any CPU = Release|Any CPU
	EndGlobalSection
	GlobalSection(ProjectConfigurationPlatforms) = postSolution
		{212F99E4-0750-45F4-A54F-8B7DB4EF1785}.Debug|Any CPU.ActiveCfg = Debug|Any CPU
		{212F99E4-0750-45F4-A54F-8B7DB4EF1785}.Debug|Any CPU.Build.0 = Debug|Any CPU
		{212F99E4-0750-45F4-A54F-8B7DB4EF1785}.Release|Any CPU.ActiveCfg = Release|Any CPU
		{212F99E4-0750-45F4-A54F-8B7DB4EF1785}.Release|Any CPU.Build.0 = Release|Any CPU
		{4CD2E49A-FF97-4BA7-B02A-220E309AF04E}.Debug|Any CPU.ActiveCfg = Debug|Any CPU
		{4CD2E49A-FF97-4BA7-B02A-220E309AF04E}.Debug|Any CPU.Build.0 = Debug|Any CPU
		{4CD2E49A-FF97-4BA7-B02A-220E309AF04E}.Release|Any CPU.ActiveCfg = Release|Any CPU
		{4CD2E49A-FF97-4BA7-B02A-220E309AF04E}.Release|Any CPU.Build.0 = Release|Any CPU
		{DA55B810-3157-42F5-AE8A-A130A01389ED}.Debug|Any CPU.ActiveCfg = Debug|Any CPU
		{DA55B810-3157-42F5-AE8A-A130A01389ED}.Debug|Any CPU.Build.0 = Debug|Any CPU
		{DA55B810-3157-42F5-AE8A-A130A01389ED}.Release|Any CPU.ActiveCfg = Release|Any CPU
		{DA55B810-3157-42F5-AE8A-A130A01389ED}.Release|Any CPU.Build.0 = Release|Any CPU
	EndGlobalSection
	GlobalSection(SolutionProperties) = preSolution
		HideSolutionNode = FALSE
	EndGlobalSection
	GlobalSection(ExtensibilityGlobals) = postSolution
		SolutionGuid = {FD97A43D-C128-4884-AF9A-B7864592EC51}
	EndGlobalSection
EndGlobal
